
Microsoft Visual Studio Solution File, Format Version 12.00
# Visual Studio Version 17
VisualStudioVersion = 17.9.34728.123
MinimumVisualStudioVersion = 10.0.40219.1
Project("{FAE04EC0-301F-11D3-BF4B-00C04F79EFBC}") = "ExerciseGitHub1", "ExerciseGitHub1\ExerciseGitHub1.csproj", "{6961E713-C68A-4CAA-AF02-DB29A78B722C}"
EndProject
Global
	GlobalSection(SolutionConfigurationPlatforms) = preSolution
		Debug|Any CPU = Debug|Any CPU
		Release|Any CPU = Release|Any CPU
	EndGlobalSection
	GlobalSection(ProjectConfigurationPlatforms) = postSolution
		{6961E713-C68A-4CAA-AF02-DB29A78B722C}.Debug|Any CPU.ActiveCfg = Debug|Any CPU
		{6961E713-C68A-4CAA-AF02-DB29A78B722C}.Debug|Any CPU.Build.0 = Debug|Any CPU
		{6961E713-C68A-4CAA-AF02-DB29A78B722C}.Release|Any CPU.ActiveCfg = Release|Any CPU
		{6961E713-C68A-4CAA-AF02-DB29A78B722C}.Release|Any CPU.Build.0 = Release|Any CPU
	EndGlobalSection
	GlobalSection(SolutionProperties) = preSolution
		HideSolutionNode = FALSE
	EndGlobalSection
	GlobalSection(ExtensibilityGlobals) = postSolution
		SolutionGuid = {8B88986C-1557-4E1E-A5F9-2C2A3A408501}
	EndGlobalSection
EndGlobal
